
Microsoft Visual Studio Solution File, Format Version 12.00
# Visual Studio Version 17
VisualStudioVersion = 17.13.35617.110
MinimumVisualStudioVersion = 10.0.40219.1
Project("{8BC9CEB8-8B4A-11D0-8D11-00A0C91BC942}") = "Base", "Base.vcxproj", "{992D68CA-9B18-4B1D-AE39-DBBA28BB9C91}"
EndProject
Project("{2150E333-8FDC-42A3-9474-1A3956D46DE8}") = "Solution Items", "Solution Items", "{8EC462FD-D22E-90A8-E5CE-7E832BA40C5D}"
	ProjectSection(SolutionItems) = preProject
		.clang-format = .clang-format
	EndProjectSection
EndProject
Global
	GlobalSection(SolutionConfigurationPlatforms) = preSolution
		Debug|x64 = Debug|x64
		Debug|x86 = Debug|x86
		MyDebug|x64 = MyDebug|x64
		MyDebug|x86 = MyDebug|x86
		MyRelease|x64 = MyRelease|x64
		MyRelease|x86 = MyRelease|x86
		Release|x64 = Release|x64
		Release|x86 = Release|x86
	EndGlobalSection
	GlobalSection(ProjectConfigurationPlatforms) = postSolution
		{992D68CA-9B18-4B1D-AE39-DBBA28BB9C91}.Debug|x64.ActiveCfg = Debug|x64
		{992D68CA-9B18-4B1D-AE39-DBBA28BB9C91}.Debug|x64.Build.0 = Debug|x64
		{992D68CA-9B18-4B1D-AE39-DBBA28BB9C91}.Debug|x86.ActiveCfg = Debug|Win32
		{992D68CA-9B18-4B1D-AE39-DBBA28BB9C91}.Debug|x86.Build.0 = Debug|Win32
		{992D68CA-9B18-4B1D-AE39-DBBA28BB9C91}.MyDebug|x64.ActiveCfg = MyDebug|x64
		{992D68CA-9B18-4B1D-AE39-DBBA28BB9C91}.MyDebug|x64.Build.0 = MyDebug|x64
		{992D68CA-9B18-4B1D-AE39-DBBA28BB9C91}.MyDebug|x86.ActiveCfg = MyDebug|Win32
		{992D68CA-9B18-4B1D-AE39-DBBA28BB9C91}.MyDebug|x86.Build.0 = MyDebug|Win32
		{992D68CA-9B18-4B1D-AE39-DBBA28BB9C91}.MyRelease|x64.ActiveCfg = MyRelease|x64
		{992D68CA-9B18-4B1D-AE39-DBBA28BB9C91}.MyRelease|x64.Build.0 = MyRelease|x64
		{992D68CA-9B18-4B1D-AE39-DBBA28BB9C91}.MyRelease|x86.ActiveCfg = MyRelease|Win32
		{992D68CA-9B18-4B1D-AE39-DBBA28BB9C91}.MyRelease|x86.Build.0 = MyRelease|Win32
		{992D68CA-9B18-4B1D-AE39-DBBA28BB9C91}.Release|x64.ActiveCfg = Release|x64
		{992D68CA-9B18-4B1D-AE39-DBBA28BB9C91}.Release|x64.Build.0 = Release|x64
		{992D68CA-9B18-4B1D-AE39-DBBA28BB9C91}.Release|x86.ActiveCfg = Release|Win32
		{992D68CA-9B18-4B1D-AE39-DBBA28BB9C91}.Release|x86.Build.0 = Release|Win32
	EndGlobalSection
	GlobalSection(SolutionProperties) = preSolution
		HideSolutionNode = FALSE
	EndGlobalSection
	GlobalSection(ExtensibilityGlobals) = postSolution
		SolutionGuid = {36CB4A29-D1DB-43AA-940D-D34BBB1013DF}
	EndGlobalSection
EndGlobal
